
Microsoft Visual Studio Solution File, Format Version 12.00
# Visual Studio Version 17
VisualStudioVersion = 17.13.35825.156 d17.13
MinimumVisualStudioVersion = 10.0.40219.1
Project("{FAE04EC0-301F-11D3-BF4B-00C04F79EFBC}") = "SupplierManager.Api", "SupplierManager.Api\SupplierManager.Api.csproj", "{623505DC-E7A1-4C38-82FA-DCA85D2B02D1}"
EndProject
Project("{FAE04EC0-301F-11D3-BF4B-00C04F79EFBC}") = "SupplierManager.Repository", "SupplierManager.Repository\SupplierManager.Repository.csproj", "{D494E77A-9354-4929-9BAC-27C8710AFB19}"
EndProject
Project("{FAE04EC0-301F-11D3-BF4B-00C04F79EFBC}") = "SupplierManager.Shared", "SupplierManager.Shared\SupplierManager.Shared.csproj", "{2057C099-D1EB-4304-98EE-09E694D2CCBB}"
EndProject
Project("{FAE04EC0-301F-11D3-BF4B-00C04F79EFBC}") = "SupplierManager.ClientHttp", "SupplierManager.ClientHttp\SupplierManager.ClientHttp.csproj", "{FC539346-7A70-436B-A61B-B3128CEFD4F3}"
EndProject
Project("{FAE04EC0-301F-11D3-BF4B-00C04F79EFBC}") = "SupplierManager.Business", "SupplierManager.Business\SupplierManager.Business.csproj", "{03E48979-05FD-45A4-8653-29314813E6A4}"
EndProject
Global
	GlobalSection(SolutionConfigurationPlatforms) = preSolution
		Debug|Any CPU = Debug|Any CPU
		Release|Any CPU = Release|Any CPU
	EndGlobalSection
	GlobalSection(ProjectConfigurationPlatforms) = postSolution
		{623505DC-E7A1-4C38-82FA-DCA85D2B02D1}.Debug|Any CPU.ActiveCfg = Debug|Any CPU
		{623505DC-E7A1-4C38-82FA-DCA85D2B02D1}.Debug|Any CPU.Build.0 = Debug|Any CPU
		{623505DC-E7A1-4C38-82FA-DCA85D2B02D1}.Release|Any CPU.ActiveCfg = Release|Any CPU
		{623505DC-E7A1-4C38-82FA-DCA85D2B02D1}.Release|Any CPU.Build.0 = Release|Any CPU
		{D494E77A-9354-4929-9BAC-27C8710AFB19}.Debug|Any CPU.ActiveCfg = Debug|Any CPU
		{D494E77A-9354-4929-9BAC-27C8710AFB19}.Debug|Any CPU.Build.0 = Debug|Any CPU
		{D494E77A-9354-4929-9BAC-27C8710AFB19}.Release|Any CPU.ActiveCfg = Release|Any CPU
		{D494E77A-9354-4929-9BAC-27C8710AFB19}.Release|Any CPU.Build.0 = Release|Any CPU
		{2057C099-D1EB-4304-98EE-09E694D2CCBB}.Debug|Any CPU.ActiveCfg = Debug|Any CPU
		{2057C099-D1EB-4304-98EE-09E694D2CCBB}.Debug|Any CPU.Build.0 = Debug|Any CPU
		{2057C099-D1EB-4304-98EE-09E694D2CCBB}.Release|Any CPU.ActiveCfg = Release|Any CPU
		{2057C099-D1EB-4304-98EE-09E694D2CCBB}.Release|Any CPU.Build.0 = Release|Any CPU
		{FC539346-7A70-436B-A61B-B3128CEFD4F3}.Debug|Any CPU.ActiveCfg = Debug|Any CPU
		{FC539346-7A70-436B-A61B-B3128CEFD4F3}.Debug|Any CPU.Build.0 = Debug|Any CPU
		{FC539346-7A70-436B-A61B-B3128CEFD4F3}.Release|Any CPU.ActiveCfg = Release|Any CPU
		{FC539346-7A70-436B-A61B-B3128CEFD4F3}.Release|Any CPU.Build.0 = Release|Any CPU
		{03E48979-05FD-45A4-8653-29314813E6A4}.Debug|Any CPU.ActiveCfg = Debug|Any CPU
		{03E48979-05FD-45A4-8653-29314813E6A4}.Debug|Any CPU.Build.0 = Debug|Any CPU
		{03E48979-05FD-45A4-8653-29314813E6A4}.Release|Any CPU.ActiveCfg = Release|Any CPU
		{03E48979-05FD-45A4-8653-29314813E6A4}.Release|Any CPU.Build.0 = Release|Any CPU
	EndGlobalSection
	GlobalSection(SolutionProperties) = preSolution
		HideSolutionNode = FALSE
	EndGlobalSection
	GlobalSection(ExtensibilityGlobals) = postSolution
		SolutionGuid = {275B7975-1F61-4D3E-B864-2C10EB64F91E}
	EndGlobalSection
EndGlobal
